// !$*UTF8*$!
{
	archiveVersion = 1;
	classes = {
	};
	objectVersion = 50;
	objects = {

/* Begin PBXBuildFile section */
		67FFF23026824A5B0047D4A6 /* main.m in Sources */ = {isa = PBXBuildFile; fileRef = 67FFF22F26824A5B0047D4A6 /* main.m */; };
/* End PBXBuildFile section */

/* Begin PBXCopyFilesBuildPhase section */
		67FFF22A26824A5B0047D4A6 /* CopyFiles */ = {
			isa = PBXCopyFilesBuildPhase;
			buildActionMask = 2147483647;
			dstPath = /usr/share/man/man1/;
			dstSubfolderSpec = 0;
			files = (
			);
			runOnlyForDeploymentPostprocessing = 1;
		};
		67FFF24326824A8C0047D4A6 /* Embed Frameworks */ = {
			isa = PBXCopyFilesBuildPhase;
			buildActionMask = 2147483647;
			dstPath = "";
			dstSubfolderSpec = 10;
			files = (
			);
			name = "Embed Frameworks";
			runOnlyForDeploymentPostprocessing = 0;
		};
/* End PBXCopyFilesBuildPhase section */

/* Begin PBXFileReference section */
		67FFF22C26824A5B0047D4A6 /* spaces-oc */ = {isa = PBXFileReference; explicitFileType = "compiled.mach-o.executable"; includeInIndex = 0; path = "spaces-oc"; sourceTree = BUILT_PRODUCTS_DIR; };
		67FFF22F26824A5B0047D4A6 /* main.m */ = {isa = PBXFileReference; lastKnownFileType = sourcecode.c.objc; path = main.m; sourceTree = "<group>"; };
		67FFF27626824CDF0047D4A6 /* CGSTile.h */ = {isa = PBXFileReference; lastKnownFileType = sourcecode.c.h; path = CGSTile.h; sourceTree = "<group>"; };
		67FFF27726824CDF0047D4A6 /* CGSSurface.h */ = {isa = PBXFileReference; lastKnownFileType = sourcecode.c.h; path = CGSSurface.h; sourceTree = "<group>"; };
		67FFF27826824CDF0047D4A6 /* CGSTransitions.h */ = {isa = PBXFileReference; lastKnownFileType = sourcecode.c.h; path = CGSTransitions.h; sourceTree = "<group>"; };
		67FFF27926824CDF0047D4A6 /* CGSRegion.h */ = {isa = PBXFileReference; lastKnownFileType = sourcecode.c.h; path = CGSRegion.h; sourceTree = "<group>"; };
		67FFF27A26824CDF0047D4A6 /* CGSWorkspace.h */ = {isa = PBXFileReference; lastKnownFileType = sourcecode.c.h; path = CGSWorkspace.h; sourceTree = "<group>"; };
		67FFF27B26824CDF0047D4A6 /* CGSHotKeys.h */ = {isa = PBXFileReference; lastKnownFileType = sourcecode.c.h; path = CGSHotKeys.h; sourceTree = "<group>"; };
		67FFF27C26824CDF0047D4A6 /* CGSAccessibility.h */ = {isa = PBXFileReference; lastKnownFileType = sourcecode.c.h; path = CGSAccessibility.h; sourceTree = "<group>"; };
		67FFF27D26824CDF0047D4A6 /* CGSMisc.h */ = {isa = PBXFileReference; lastKnownFileType = sourcecode.c.h; path = CGSMisc.h; sourceTree = "<group>"; };
		67FFF27E26824CDF0047D4A6 /* README.md */ = {isa = PBXFileReference; lastKnownFileType = net.daringfireball.markdown; path = README.md; sourceTree = "<group>"; };
		67FFF27F26824CDF0047D4A6 /* CGSWindow.h */ = {isa = PBXFileReference; lastKnownFileType = sourcecode.c.h; path = CGSWindow.h; sourceTree = "<group>"; };
		67FFF28026824CDF0047D4A6 /* CGSCursor.h */ = {isa = PBXFileReference; lastKnownFileType = sourcecode.c.h; path = CGSCursor.h; sourceTree = "<group>"; };
		67FFF28126824CDF0047D4A6 /* .gitignore */ = {isa = PBXFileReference; lastKnownFileType = text; path = .gitignore; sourceTree = "<group>"; };
		67FFF28226824CDF0047D4A6 /* CGSDisplays.h */ = {isa = PBXFileReference; lastKnownFileType = sourcecode.c.h; path = CGSDisplays.h; sourceTree = "<group>"; };
		67FFF28326824CDF0047D4A6 /* CGSInternal.h */ = {isa = PBXFileReference; lastKnownFileType = sourcecode.c.h; path = CGSInternal.h; sourceTree = "<group>"; };
		67FFF28426824CDF0047D4A6 /* CGSCIFilter.h */ = {isa = PBXFileReference; lastKnownFileType = sourcecode.c.h; path = CGSCIFilter.h; sourceTree = "<group>"; };
		67FFF28526824CDF0047D4A6 /* CGSConnection.h */ = {isa = PBXFileReference; lastKnownFileType = sourcecode.c.h; path = CGSConnection.h; sourceTree = "<group>"; };
		67FFF28626824CDF0047D4A6 /* CGSSession.h */ = {isa = PBXFileReference; lastKnownFileType = sourcecode.c.h; path = CGSSession.h; sourceTree = "<group>"; };
		67FFF28726824CDF0047D4A6 /* CGSDevice.h */ = {isa = PBXFileReference; lastKnownFileType = sourcecode.c.h; path = CGSDevice.h; sourceTree = "<group>"; };
		67FFF28826824CDF0047D4A6 /* CGSSpace.h */ = {isa = PBXFileReference; lastKnownFileType = sourcecode.c.h; path = CGSSpace.h; sourceTree = "<group>"; };
		67FFF28926824CDF0047D4A6 /* CGSEvent.h */ = {isa = PBXFileReference; lastKnownFileType = sourcecode.c.h; path = CGSEvent.h; sourceTree = "<group>"; };
		67FFF28A26824CDF0047D4A6 /* CGSDebug.h */ = {isa = PBXFileReference; lastKnownFileType = sourcecode.c.h; path = CGSDebug.h; sourceTree = "<group>"; };
/* End PBXFileReference section */

/* Begin PBXFrameworksBuildPhase section */
		67FFF22926824A5B0047D4A6 /* Frameworks */ = {
			isa = PBXFrameworksBuildPhase;
			buildActionMask = 2147483647;
			files = (
			);
			runOnlyForDeploymentPostprocessing = 0;
		};
/* End PBXFrameworksBuildPhase section */

/* Begin PBXGroup section */
		67FFF22326824A5B0047D4A6 = {
			isa = PBXGroup;
			children = (
				67FFF22E26824A5B0047D4A6 /* spaces-oc */,
				67FFF22D26824A5B0047D4A6 /* Products */,
				67FFF23726824A6C0047D4A6 /* Frameworks */,
			);
			sourceTree = "<group>";
		};
		67FFF22D26824A5B0047D4A6 /* Products */ = {
			isa = PBXGroup;
			children = (
				67FFF22C26824A5B0047D4A6 /* spaces-oc */,
			);
			name = Products;
			sourceTree = "<group>";
		};
		67FFF22E26824A5B0047D4A6 /* spaces-oc */ = {
			isa = PBXGroup;
			children = (
				67FFF27526824CDF0047D4A6 /* CGSInternal */,
				67FFF22F26824A5B0047D4A6 /* main.m */,
			);
			path = "spaces-oc";
			sourceTree = "<group>";
		};
		67FFF23726824A6C0047D4A6 /* Frameworks */ = {
			isa = PBXGroup;
			children = (
			);
			name = Frameworks;
			sourceTree = "<group>";
		};
		67FFF27526824CDF0047D4A6 /* CGSInternal */ = {
			isa = PBXGroup;
			children = (
				67FFF27626824CDF0047D4A6 /* CGSTile.h */,
				67FFF27726824CDF0047D4A6 /* CGSSurface.h */,
				67FFF27826824CDF0047D4A6 /* CGSTransitions.h */,
				67FFF27926824CDF0047D4A6 /* CGSRegion.h */,
				67FFF27A26824CDF0047D4A6 /* CGSWorkspace.h */,
				67FFF27B26824CDF0047D4A6 /* CGSHotKeys.h */,
				67FFF27C26824CDF0047D4A6 /* CGSAccessibility.h */,
				67FFF27D26824CDF0047D4A6 /* CGSMisc.h */,
				67FFF27E26824CDF0047D4A6 /* README.md */,
				67FFF27F26824CDF0047D4A6 /* CGSWindow.h */,
				67FFF28026824CDF0047D4A6 /* CGSCursor.h */,
				67FFF28126824CDF0047D4A6 /* .gitignore */,
				67FFF28226824CDF0047D4A6 /* CGSDisplays.h */,
				67FFF28326824CDF0047D4A6 /* CGSInternal.h */,
				67FFF28426824CDF0047D4A6 /* CGSCIFilter.h */,
				67FFF28526824CDF0047D4A6 /* CGSConnection.h */,
				67FFF28626824CDF0047D4A6 /* CGSSession.h */,
				67FFF28726824CDF0047D4A6 /* CGSDevice.h */,
				67FFF28826824CDF0047D4A6 /* CGSSpace.h */,
				67FFF28926824CDF0047D4A6 /* CGSEvent.h */,
				67FFF28A26824CDF0047D4A6 /* CGSDebug.h */,
			);
			path = CGSInternal;
			sourceTree = "<group>";
		};
/* End PBXGroup section */

/* Begin PBXNativeTarget section */
		67FFF22B26824A5B0047D4A6 /* spaces-oc */ = {
			isa = PBXNativeTarget;
			buildConfigurationList = 67FFF23326824A5B0047D4A6 /* Build configuration list for PBXNativeTarget "spaces-oc" */;
			buildPhases = (
				67FFF22826824A5B0047D4A6 /* Sources */,
				67FFF22926824A5B0047D4A6 /* Frameworks */,
				67FFF22A26824A5B0047D4A6 /* CopyFiles */,
				67FFF24326824A8C0047D4A6 /* Embed Frameworks */,
			);
			buildRules = (
			);
			dependencies = (
			);
			name = "spaces-oc";
			productName = "spaces-oc";
			productReference = 67FFF22C26824A5B0047D4A6 /* spaces-oc */;
			productType = "com.apple.product-type.tool";
		};
/* End PBXNativeTarget section */

/* Begin PBXProject section */
		67FFF22426824A5B0047D4A6 /* Project object */ = {
			isa = PBXProject;
			attributes = {
				LastUpgradeCheck = 1240;
				TargetAttributes = {
					67FFF22B26824A5B0047D4A6 = {
						CreatedOnToolsVersion = 12.4;
					};
				};
			};
			buildConfigurationList = 67FFF22726824A5B0047D4A6 /* Build configuration list for PBXProject "spaces-oc" */;
			compatibilityVersion = "Xcode 9.3";
			developmentRegion = en;
			hasScannedForEncodings = 0;
			knownRegions = (
				en,
				Base,
			);
			mainGroup = 67FFF22326824A5B0047D4A6;
			productRefGroup = 67FFF22D26824A5B0047D4A6 /* Products */;
			projectDirPath = "";
			projectRoot = "";
			targets = (
				67FFF22B26824A5B0047D4A6 /* spaces-oc */,
			);
		};
/* End PBXProject section */

/* Begin PBXSourcesBuildPhase section */
		67FFF22826824A5B0047D4A6 /* Sources */ = {
			isa = PBXSourcesBuildPhase;
			buildActionMask = 2147483647;
			files = (
				67FFF23026824A5B0047D4A6 /* main.m in Sources */,
			);
			runOnlyForDeploymentPostprocessing = 0;
		};
/* End PBXSourcesBuildPhase section */

/* Begin XCBuildConfiguration section */
		67FFF23126824A5B0047D4A6 /* Debug */ = {
			isa = XCBuildConfiguration;
			buildSettings = {
				ALWAYS_SEARCH_USER_PATHS = NO;
				CLANG_ANALYZER_NONNULL = YES;
				CLANG_ANALYZER_NUMBER_OBJECT_CONVERSION = YES_AGGRESSIVE;
				CLANG_CXX_LANGUAGE_STANDARD = "gnu++14";
				CLANG_CXX_LIBRARY = "libc++";
				CLANG_ENABLE_MODULES = YES;
				CLANG_ENABLE_OBJC_ARC = YES;
				CLANG_ENABLE_OBJC_WEAK = YES;
				CLANG_WARN_BLOCK_CAPTURE_AUTORELEASING = YES;
				CLANG_WARN_BOOL_CONVERSION = YES;
				CLANG_WARN_COMMA = YES;
				CLANG_WARN_CONSTANT_CONVERSION = YES;
				CLANG_WARN_DEPRECATED_OBJC_IMPLEMENTATIONS = YES;
				CLANG_WARN_DIRECT_OBJC_ISA_USAGE = YES_ERROR;
				CLANG_WARN_DOCUMENTATION_COMMENTS = YES;
				CLANG_WARN_EMPTY_BODY = YES;
				CLANG_WARN_ENUM_CONVERSION = YES;
				CLANG_WARN_INFINITE_RECURSION = YES;
				CLANG_WARN_INT_CONVERSION = YES;
				CLANG_WARN_NON_LITERAL_NULL_CONVERSION = YES;
				CLANG_WARN_OBJC_IMPLICIT_RETAIN_SELF = YES;
				CLANG_WARN_OBJC_LITERAL_CONVERSION = YES;
				CLANG_WARN_OBJC_ROOT_CLASS = YES_ERROR;
				CLANG_WARN_QUOTED_INCLUDE_IN_FRAMEWORK_HEADER = YES;
				CLANG_WARN_RANGE_LOOP_ANALYSIS = YES;
				CLANG_WARN_STRICT_PROTOTYPES = YES;
				CLANG_WARN_SUSPICIOUS_MOVE = YES;
				CLANG_WARN_UNGUARDED_AVAILABILITY = YES_AGGRESSIVE;
				CLANG_WARN_UNREACHABLE_CODE = YES;
				CLANG_WARN__DUPLICATE_METHOD_MATCH = YES;
				COPY_PHASE_STRIP = NO;
				DEBUG_INFORMATION_FORMAT = dwarf;
				ENABLE_STRICT_OBJC_MSGSEND = YES;
				ENABLE_TESTABILITY = YES;
				GCC_C_LANGUAGE_STANDARD = gnu11;
				GCC_DYNAMIC_NO_PIC = NO;
				GCC_NO_COMMON_BLOCKS = YES;
				GCC_OPTIMIZATION_LEVEL = 0;
				GCC_PREPROCESSOR_DEFINITIONS = (
					"DEBUG=1",
					"$(inherited)",
				);
				GCC_WARN_64_TO_32_BIT_CONVERSION = YES;
				GCC_WARN_ABOUT_RETURN_TYPE = YES_ERROR;
				GCC_WARN_UNDECLARED_SELECTOR = YES;
				GCC_WARN_UNINITIALIZED_AUTOS = YES_AGGRESSIVE;
				GCC_WARN_UNUSED_FUNCTION = YES;
				GCC_WARN_UNUSED_VARIABLE = YES;
				MACOSX_DEPLOYMENT_TARGET = 10.15;
				MTL_ENABLE_DEBUG_INFO = INCLUDE_SOURCE;
				MTL_FAST_MATH = YES;
				ONLY_ACTIVE_ARCH = YES;
				SDKROOT = macosx;
			};
			name = Debug;
		};
		67FFF23226824A5B0047D4A6 /* Release */ = {
			isa = XCBuildConfiguration;
			buildSettings = {
				ALWAYS_SEARCH_USER_PATHS = NO;
				CLANG_ANALYZER_NONNULL = YES;
				CLANG_ANALYZER_NUMBER_OBJECT_CONVERSION = YES_AGGRESSIVE;
				CLANG_CXX_LANGUAGE_STANDARD = "gnu++14";
				CLANG_CXX_LIBRARY = "libc++";
				CLANG_ENABLE_MODULES = YES;
				CLANG_ENABLE_OBJC_ARC = YES;
				CLANG_ENABLE_OBJC_WEAK = YES;
				CLANG_WARN_BLOCK_CAPTURE_AUTORELEASING = YES;
				CLANG_WARN_BOOL_CONVERSION = YES;
				CLANG_WARN_COMMA = YES;
				CLANG_WARN_CONSTANT_CONVERSION = YES;
				CLANG_WARN_DEPRECATED_OBJC_IMPLEMENTATIONS = YES;
				CLANG_WARN_DIRECT_OBJC_ISA_USAGE = YES_ERROR;
				CLANG_WARN_DOCUMENTATION_COMMENTS = YES;
				CLANG_WARN_EMPTY_BODY = YES;
				CLANG_WARN_ENUM_CONVERSION = YES;
				CLANG_WARN_INFINITE_RECURSION = YES;
				CLANG_WARN_INT_CONVERSION = YES;
				CLANG_WARN_NON_LITERAL_NULL_CONVERSION = YES;
				CLANG_WARN_OBJC_IMPLICIT_RETAIN_SELF = YES;
				CLANG_WARN_OBJC_LITERAL_CONVERSION = YES;
				CLANG_WARN_OBJC_ROOT_CLASS = YES_ERROR;
				CLANG_WARN_QUOTED_INCLUDE_IN_FRAMEWORK_HEADER = YES;
				CLANG_WARN_RANGE_LOOP_ANALYSIS = YES;
				CLANG_WARN_STRICT_PROTOTYPES = YES;
				CLANG_WARN_SUSPICIOUS_MOVE = YES;
				CLANG_WARN_UNGUARDED_AVAILABILITY = YES_AGGRESSIVE;
				CLANG_WARN_UNREACHABLE_CODE = YES;
				CLANG_WARN__DUPLICATE_METHOD_MATCH = YES;
				COPY_PHASE_STRIP = NO;
				DEBUG_INFORMATION_FORMAT = "dwarf-with-dsym";
				ENABLE_NS_ASSERTIONS = NO;
				ENABLE_STRICT_OBJC_MSGSEND = YES;
				GCC_C_LANGUAGE_STANDARD = gnu11;
				GCC_NO_COMMON_BLOCKS = YES;
				GCC_WARN_64_TO_32_BIT_CONVERSION = YES;
				GCC_WARN_ABOUT_RETURN_TYPE = YES_ERROR;
				GCC_WARN_UNDECLARED_SELECTOR = YES;
				GCC_WARN_UNINITIALIZED_AUTOS = YES_AGGRESSIVE;
				GCC_WARN_UNUSED_FUNCTION = YES;
				GCC_WARN_UNUSED_VARIABLE = YES;
				MACOSX_DEPLOYMENT_TARGET = 10.15;
				MTL_ENABLE_DEBUG_INFO = NO;
				MTL_FAST_MATH = YES;
				SDKROOT = macosx;
			};
			name = Release;
		};
		67FFF23426824A5B0047D4A6 /* Debug */ = {
			isa = XCBuildConfiguration;
			buildSettings = {
				CODE_SIGN_IDENTITY = "-";
				CODE_SIGN_STYLE = Automatic;
				PRODUCT_NAME = "$(TARGET_NAME)";
			};
			name = Debug;
		};
		67FFF23526824A5B0047D4A6 /* Release */ = {
			isa = XCBuildConfiguration;
			buildSettings = {
				CODE_SIGN_IDENTITY = "-";
				CODE_SIGN_STYLE = Automatic;
				PRODUCT_NAME = "$(TARGET_NAME)";
			};
			name = Release;
		};
/* End XCBuildConfiguration section */

/* Begin XCConfigurationList section */
		67FFF22726824A5B0047D4A6 /* Build configuration list for PBXProject "spaces-oc" */ = {
			isa = XCConfigurationList;
			buildConfigurations = (
				67FFF23126824A5B0047D4A6 /* Debug */,
				67FFF23226824A5B0047D4A6 /* Release */,
			);
			defaultConfigurationIsVisible = 0;
			defaultConfigurationName = Release;
		};
		67FFF23326824A5B0047D4A6 /* Build configuration list for PBXNativeTarget "spaces-oc" */ = {
			isa = XCConfigurationList;
			buildConfigurations = (
				67FFF23426824A5B0047D4A6 /* Debug */,
				67FFF23526824A5B0047D4A6 /* Release */,
			);
			defaultConfigurationIsVisible = 0;
			defaultConfigurationName = Release;
		};
/* End XCConfigurationList section */
	};
	rootObject = 67FFF22426824A5B0047D4A6 /* Project object */;
}
